
Microsoft Visual Studio Solution File, Format Version 12.00
# Visual Studio Version 16
VisualStudioVersion = 16.0.32228.343
MinimumVisualStudioVersion = 10.0.40219.1
Project("{FAE04EC0-301F-11D3-BF4B-00C04F79EFBC}") = "ExtraccionInformacionFiscal", "ExtraccionInformacionFiscal\ExtraccionInformacionFiscal.csproj", "{561B46D9-489E-498A-B618-1EC7794C6A1D}"
EndProject
Project("{FAE04EC0-301F-11D3-BF4B-00C04F79EFBC}") = "logic", "logic\logic.csproj", "{26BB97EB-FEED-4404-947D-EEFCA3770E54}"
EndProject
Global
	GlobalSection(SolutionConfigurationPlatforms) = preSolution
		Debug|Any CPU = Debug|Any CPU
		Release|Any CPU = Release|Any CPU
	EndGlobalSection
	GlobalSection(ProjectConfigurationPlatforms) = postSolution
		{561B46D9-489E-498A-B618-1EC7794C6A1D}.Debug|Any CPU.ActiveCfg = Debug|Any CPU
		{561B46D9-489E-498A-B618-1EC7794C6A1D}.Debug|Any CPU.Build.0 = Debug|Any CPU
		{561B46D9-489E-498A-B618-1EC7794C6A1D}.Release|Any CPU.ActiveCfg = Release|Any CPU
		{561B46D9-489E-498A-B618-1EC7794C6A1D}.Release|Any CPU.Build.0 = Release|Any CPU
		{26BB97EB-FEED-4404-947D-EEFCA3770E54}.Debug|Any CPU.ActiveCfg = Debug|Any CPU
		{26BB97EB-FEED-4404-947D-EEFCA3770E54}.Debug|Any CPU.Build.0 = Debug|Any CPU
		{26BB97EB-FEED-4404-947D-EEFCA3770E54}.Release|Any CPU.ActiveCfg = Release|Any CPU
		{26BB97EB-FEED-4404-947D-EEFCA3770E54}.Release|Any CPU.Build.0 = Release|Any CPU
	EndGlobalSection
	GlobalSection(SolutionProperties) = preSolution
		HideSolutionNode = FALSE
	EndGlobalSection
	GlobalSection(ExtensibilityGlobals) = postSolution
		SolutionGuid = {E0E47C58-F4EE-4A88-B83E-7D8AD19898BC}
	EndGlobalSection
EndGlobal
